
Microsoft Visual Studio Solution File, Format Version 12.00
# Visual Studio Version 17
VisualStudioVersion = 17.1.32210.238
MinimumVisualStudioVersion = 10.0.40219.1
Project("{FAE04EC0-301F-11D3-BF4B-00C04F79EFBC}") = "Sort", "Sort\Sort.csproj", "{330FE437-7197-4076-8B1C-2652425AABFA}"
EndProject
Global
	GlobalSection(SolutionConfigurationPlatforms) = preSolution
		Debug|Any CPU = Debug|Any CPU
		Release|Any CPU = Release|Any CPU
	EndGlobalSection
	GlobalSection(ProjectConfigurationPlatforms) = postSolution
		{330FE437-7197-4076-8B1C-2652425AABFA}.Debug|Any CPU.ActiveCfg = Debug|Any CPU
		{330FE437-7197-4076-8B1C-2652425AABFA}.Debug|Any CPU.Build.0 = Debug|Any CPU
		{330FE437-7197-4076-8B1C-2652425AABFA}.Release|Any CPU.ActiveCfg = Release|Any CPU
		{330FE437-7197-4076-8B1C-2652425AABFA}.Release|Any CPU.Build.0 = Release|Any CPU
	EndGlobalSection
	GlobalSection(SolutionProperties) = preSolution
		HideSolutionNode = FALSE
	EndGlobalSection
	GlobalSection(ExtensibilityGlobals) = postSolution
		SolutionGuid = {58D55449-6284-4725-897D-53BF9515C498}
	EndGlobalSection
EndGlobal
